
Microsoft Visual Studio Solution File, Format Version 12.00
# Visual Studio 15
VisualStudioVersion = 15.0.27130.2026
MinimumVisualStudioVersion = 10.0.40219.1
Project("{8BC9CEB8-8B4A-11D0-8D11-00A0C91BC942}") = "FFmpegX264Codec", "FFmpegX264Codec\FFmpegX264Codec.vcxproj", "{950FDD2C-53DA-4296-9315-712689B2FA72}"
EndProject
Global
	GlobalSection(SolutionConfigurationPlatforms) = preSolution
		Debug|x86 = Debug|x86
		Release|x86 = Release|x86
	EndGlobalSection
	GlobalSection(ProjectConfigurationPlatforms) = postSolution
		{950FDD2C-53DA-4296-9315-712689B2FA72}.Debug|x86.ActiveCfg = Debug|Win32
		{950FDD2C-53DA-4296-9315-712689B2FA72}.Debug|x86.Build.0 = Debug|Win32
		{950FDD2C-53DA-4296-9315-712689B2FA72}.Release|x86.ActiveCfg = Debug|Win32
		{950FDD2C-53DA-4296-9315-712689B2FA72}.Release|x86.Build.0 = Debug|Win32
	EndGlobalSection
	GlobalSection(SolutionProperties) = preSolution
		HideSolutionNode = FALSE
	EndGlobalSection
	GlobalSection(ExtensibilityGlobals) = postSolution
		SolutionGuid = {482746FB-B6B8-40D0-A0BD-C09678A5153B}
	EndGlobalSection
EndGlobal
